
Microsoft Visual Studio Solution File, Format Version 12.00
# Visual Studio Version 17
VisualStudioVersion = 17.0.31903.59
MinimumVisualStudioVersion = 10.0.40219.1
Project("{FAE04EC0-301F-11D3-BF4B-00C04F79EFBC}") = "BookingTicket.Domain", "BookingTicket.Domain\BookingTicket.Domain.csproj", "{1E300DB4-2D96-4EC5-8213-5CA086B7A68B}"
EndProject
Project("{FAE04EC0-301F-11D3-BF4B-00C04F79EFBC}") = "BookingTicket.Application", "BookingTicket.Application\BookingTicket.Application.csproj", "{FA5E5D44-EA40-45F8-B26F-448527D63CDC}"
EndProject
Project("{FAE04EC0-301F-11D3-BF4B-00C04F79EFBC}") = "BookingTicket.Infrastructure", "BookingTicket.Infrastructure\BookingTicket.Infrastructure.csproj", "{94117E5D-FEFA-48EE-B932-EA9C7C4ACEA3}"
EndProject
Project("{FAE04EC0-301F-11D3-BF4B-00C04F79EFBC}") = "BookingTicket.API", "BookingTicket.API\BookingTicket.API.csproj", "{8287D002-7DC2-49B3-966E-4335D53A3F98}"
EndProject
Global
	GlobalSection(SolutionConfigurationPlatforms) = preSolution
		Debug|Any CPU = Debug|Any CPU
		Debug|x64 = Debug|x64
		Debug|x86 = Debug|x86
		Release|Any CPU = Release|Any CPU
		Release|x64 = Release|x64
		Release|x86 = Release|x86
	EndGlobalSection
	GlobalSection(ProjectConfigurationPlatforms) = postSolution
		{1E300DB4-2D96-4EC5-8213-5CA086B7A68B}.Debug|Any CPU.ActiveCfg = Debug|Any CPU
		{1E300DB4-2D96-4EC5-8213-5CA086B7A68B}.Debug|Any CPU.Build.0 = Debug|Any CPU
		{1E300DB4-2D96-4EC5-8213-5CA086B7A68B}.Debug|x64.ActiveCfg = Debug|Any CPU
		{1E300DB4-2D96-4EC5-8213-5CA086B7A68B}.Debug|x64.Build.0 = Debug|Any CPU
		{1E300DB4-2D96-4EC5-8213-5CA086B7A68B}.Debug|x86.ActiveCfg = Debug|Any CPU
		{1E300DB4-2D96-4EC5-8213-5CA086B7A68B}.Debug|x86.Build.0 = Debug|Any CPU
		{1E300DB4-2D96-4EC5-8213-5CA086B7A68B}.Release|Any CPU.ActiveCfg = Release|Any CPU
		{1E300DB4-2D96-4EC5-8213-5CA086B7A68B}.Release|Any CPU.Build.0 = Release|Any CPU
		{1E300DB4-2D96-4EC5-8213-5CA086B7A68B}.Release|x64.ActiveCfg = Release|Any CPU
		{1E300DB4-2D96-4EC5-8213-5CA086B7A68B}.Release|x64.Build.0 = Release|Any CPU
		{1E300DB4-2D96-4EC5-8213-5CA086B7A68B}.Release|x86.ActiveCfg = Release|Any CPU
		{1E300DB4-2D96-4EC5-8213-5CA086B7A68B}.Release|x86.Build.0 = Release|Any CPU
		{FA5E5D44-EA40-45F8-B26F-448527D63CDC}.Debug|Any CPU.ActiveCfg = Debug|Any CPU
		{FA5E5D44-EA40-45F8-B26F-448527D63CDC}.Debug|Any CPU.Build.0 = Debug|Any CPU
		{FA5E5D44-EA40-45F8-B26F-448527D63CDC}.Debug|x64.ActiveCfg = Debug|Any CPU
		{FA5E5D44-EA40-45F8-B26F-448527D63CDC}.Debug|x64.Build.0 = Debug|Any CPU
		{FA5E5D44-EA40-45F8-B26F-448527D63CDC}.Debug|x86.ActiveCfg = Debug|Any CPU
		{FA5E5D44-EA40-45F8-B26F-448527D63CDC}.Debug|x86.Build.0 = Debug|Any CPU
		{FA5E5D44-EA40-45F8-B26F-448527D63CDC}.Release|Any CPU.ActiveCfg = Release|Any CPU
		{FA5E5D44-EA40-45F8-B26F-448527D63CDC}.Release|Any CPU.Build.0 = Release|Any CPU
		{FA5E5D44-EA40-45F8-B26F-448527D63CDC}.Release|x64.ActiveCfg = Release|Any CPU
		{FA5E5D44-EA40-45F8-B26F-448527D63CDC}.Release|x64.Build.0 = Release|Any CPU
		{FA5E5D44-EA40-45F8-B26F-448527D63CDC}.Release|x86.ActiveCfg = Release|Any CPU
		{FA5E5D44-EA40-45F8-B26F-448527D63CDC}.Release|x86.Build.0 = Release|Any CPU
		{94117E5D-FEFA-48EE-B932-EA9C7C4ACEA3}.Debug|Any CPU.ActiveCfg = Debug|Any CPU
		{94117E5D-FEFA-48EE-B932-EA9C7C4ACEA3}.Debug|Any CPU.Build.0 = Debug|Any CPU
		{94117E5D-FEFA-48EE-B932-EA9C7C4ACEA3}.Debug|x64.ActiveCfg = Debug|Any CPU
		{94117E5D-FEFA-48EE-B932-EA9C7C4ACEA3}.Debug|x64.Build.0 = Debug|Any CPU
		{94117E5D-FEFA-48EE-B932-EA9C7C4ACEA3}.Debug|x86.ActiveCfg = Debug|Any CPU
		{94117E5D-FEFA-48EE-B932-EA9C7C4ACEA3}.Debug|x86.Build.0 = Debug|Any CPU
		{94117E5D-FEFA-48EE-B932-EA9C7C4ACEA3}.Release|Any CPU.ActiveCfg = Release|Any CPU
		{94117E5D-FEFA-48EE-B932-EA9C7C4ACEA3}.Release|Any CPU.Build.0 = Release|Any CPU
		{94117E5D-FEFA-48EE-B932-EA9C7C4ACEA3}.Release|x64.ActiveCfg = Release|Any CPU
		{94117E5D-FEFA-48EE-B932-EA9C7C4ACEA3}.Release|x64.Build.0 = Release|Any CPU
		{94117E5D-FEFA-48EE-B932-EA9C7C4ACEA3}.Release|x86.ActiveCfg = Release|Any CPU
		{94117E5D-FEFA-48EE-B932-EA9C7C4ACEA3}.Release|x86.Build.0 = Release|Any CPU
		{8287D002-7DC2-49B3-966E-4335D53A3F98}.Debug|Any CPU.ActiveCfg = Debug|Any CPU
		{8287D002-7DC2-49B3-966E-4335D53A3F98}.Debug|Any CPU.Build.0 = Debug|Any CPU
		{8287D002-7DC2-49B3-966E-4335D53A3F98}.Debug|x64.ActiveCfg = Debug|Any CPU
		{8287D002-7DC2-49B3-966E-4335D53A3F98}.Debug|x64.Build.0 = Debug|Any CPU
		{8287D002-7DC2-49B3-966E-4335D53A3F98}.Debug|x86.ActiveCfg = Debug|Any CPU
		{8287D002-7DC2-49B3-966E-4335D53A3F98}.Debug|x86.Build.0 = Debug|Any CPU
		{8287D002-7DC2-49B3-966E-4335D53A3F98}.Release|Any CPU.ActiveCfg = Release|Any CPU
		{8287D002-7DC2-49B3-966E-4335D53A3F98}.Release|Any CPU.Build.0 = Release|Any CPU
		{8287D002-7DC2-49B3-966E-4335D53A3F98}.Release|x64.ActiveCfg = Release|Any CPU
		{8287D002-7DC2-49B3-966E-4335D53A3F98}.Release|x64.Build.0 = Release|Any CPU
		{8287D002-7DC2-49B3-966E-4335D53A3F98}.Release|x86.ActiveCfg = Release|Any CPU
		{8287D002-7DC2-49B3-966E-4335D53A3F98}.Release|x86.Build.0 = Release|Any CPU
	EndGlobalSection
	GlobalSection(SolutionProperties) = preSolution
		HideSolutionNode = FALSE
	EndGlobalSection
EndGlobal
